
Microsoft Visual Studio Solution File, Format Version 12.00
# Visual Studio 14
VisualStudioVersion = 14.0.24720.0
MinimumVisualStudioVersion = 10.0.40219.1
Project("{FAE04EC0-301F-11D3-BF4B-00C04F79EFBC}") = "Sentence_Word_Counter", "Sentence_Word_Counter\Sentence_Word_Counter.csproj", "{0F438F86-D582-459B-B3E8-03ABAAFBD74B}"
EndProject
Project("{FAE04EC0-301F-11D3-BF4B-00C04F79EFBC}") = "Sentence_Word_Counter_BAL", "Sentence_Word_Counter_BAL\Sentence_Word_Counter_BAL.csproj", "{F8A88B52-205F-418F-8A0E-AF9D8C689127}"
EndProject
Project("{FAE04EC0-301F-11D3-BF4B-00C04F79EFBC}") = "Senetence_Word_Counter_Unit_Test", "Senetence_Word_Counter_Unit_Test\Senetence_Word_Counter_Unit_Test.csproj", "{BC747546-9EA0-46BD-8713-A0C27D286800}"
EndProject
Global
	GlobalSection(SolutionConfigurationPlatforms) = preSolution
		Debug|Any CPU = Debug|Any CPU
		Release|Any CPU = Release|Any CPU
	EndGlobalSection
	GlobalSection(ProjectConfigurationPlatforms) = postSolution
		{0F438F86-D582-459B-B3E8-03ABAAFBD74B}.Debug|Any CPU.ActiveCfg = Debug|Any CPU
		{0F438F86-D582-459B-B3E8-03ABAAFBD74B}.Debug|Any CPU.Build.0 = Debug|Any CPU
		{0F438F86-D582-459B-B3E8-03ABAAFBD74B}.Release|Any CPU.ActiveCfg = Release|Any CPU
		{0F438F86-D582-459B-B3E8-03ABAAFBD74B}.Release|Any CPU.Build.0 = Release|Any CPU
		{F8A88B52-205F-418F-8A0E-AF9D8C689127}.Debug|Any CPU.ActiveCfg = Debug|Any CPU
		{F8A88B52-205F-418F-8A0E-AF9D8C689127}.Debug|Any CPU.Build.0 = Debug|Any CPU
		{F8A88B52-205F-418F-8A0E-AF9D8C689127}.Release|Any CPU.ActiveCfg = Release|Any CPU
		{F8A88B52-205F-418F-8A0E-AF9D8C689127}.Release|Any CPU.Build.0 = Release|Any CPU
		{BC747546-9EA0-46BD-8713-A0C27D286800}.Debug|Any CPU.ActiveCfg = Debug|Any CPU
		{BC747546-9EA0-46BD-8713-A0C27D286800}.Debug|Any CPU.Build.0 = Debug|Any CPU
		{BC747546-9EA0-46BD-8713-A0C27D286800}.Release|Any CPU.ActiveCfg = Release|Any CPU
		{BC747546-9EA0-46BD-8713-A0C27D286800}.Release|Any CPU.Build.0 = Release|Any CPU
	EndGlobalSection
	GlobalSection(SolutionProperties) = preSolution
		HideSolutionNode = FALSE
	EndGlobalSection
EndGlobal
